// !$*UTF8*$!
{
	archiveVersion = 1;
	classes = {
	};
	objectVersion = 46;
	objects = {

/* Begin PBXBuildFile section */
		A00551C61938497A009FF21A /* Foundation.framework in Frameworks */ = {isa = PBXBuildFile; fileRef = A00551C51938497A009FF21A /* Foundation.framework */; };
		A00551C81938497A009FF21A /* CoreGraphics.framework in Frameworks */ = {isa = PBXBuildFile; fileRef = A00551C71938497A009FF21A /* CoreGraphics.framework */; };
		A00551CA1938497A009FF21A /* UIKit.framework in Frameworks */ = {isa = PBXBuildFile; fileRef = A00551C91938497A009FF21A /* UIKit.framework */; };
		A00551D01938497A009FF21A /* InfoPlist.strings in Resources */ = {isa = PBXBuildFile; fileRef = A00551CE1938497A009FF21A /* InfoPlist.strings */; };
		A00551D21938497A009FF21A /* main.m in Sources */ = {isa = PBXBuildFile; fileRef = A00551D11938497A009FF21A /* main.m */; };
		A00551D61938497A009FF21A /* SWAppDelegate.m in Sources */ = {isa = PBXBuildFile; fileRef = A00551D51938497A009FF21A /* SWAppDelegate.m */; };
		A00551D91938497A009FF21A /* Main.storyboard in Resources */ = {isa = PBXBuildFile; fileRef = A00551D71938497A009FF21A /* Main.storyboard */; };
		A00551DC1938497A009FF21A /* SWViewController.m in Sources */ = {isa = PBXBuildFile; fileRef = A00551DB1938497A009FF21A /* SWViewController.m */; };
		A00551DE1938497A009FF21A /* Images.xcassets in Resources */ = {isa = PBXBuildFile; fileRef = A00551DD1938497A009FF21A /* Images.xcassets */; };
		A00551E51938497B009FF21A /* XCTest.framework in Frameworks */ = {isa = PBXBuildFile; fileRef = A00551E41938497B009FF21A /* XCTest.framework */; };
		A00551E61938497B009FF21A /* Foundation.framework in Frameworks */ = {isa = PBXBuildFile; fileRef = A00551C51938497A009FF21A /* Foundation.framework */; };
		A00551E71938497B009FF21A /* UIKit.framework in Frameworks */ = {isa = PBXBuildFile; fileRef = A00551C91938497A009FF21A /* UIKit.framework */; };
		A00551EF1938497B009FF21A /* InfoPlist.strings in Resources */ = {isa = PBXBuildFile; fileRef = A00551ED1938497B009FF21A /* InfoPlist.strings */; };
		A00551F11938497B009FF21A /* SWFrameButtonExampleTests.m in Sources */ = {isa = PBXBuildFile; fileRef = A00551F01938497B009FF21A /* SWFrameButtonExampleTests.m */; };
		A005520119384AAD009FF21A /* SWFrameButton.m in Sources */ = {isa = PBXBuildFile; fileRef = A005520019384AAD009FF21A /* SWFrameButton.m */; };
		A00DF5761C9B3182006F51A2 /* LaunchScreen.storyboard in Resources */ = {isa = PBXBuildFile; fileRef = A00DF5751C9B3182006F51A2 /* LaunchScreen.storyboard */; };
		A0A538201AEEAB7900DF3DE8 /* SWFrameButton.podspec in Resources */ = {isa = PBXBuildFile; fileRef = A0A5381F1AEEAB7900DF3DE8 /* SWFrameButton.podspec */; };
		A0CAF4531AEF391A002FD35D /* SWSecondViewController.m in Sources */ = {isa = PBXBuildFile; fileRef = A0CAF4521AEF391A002FD35D /* SWSecondViewController.m */; };
/* End PBXBuildFile section */

/* Begin PBXContainerItemProxy section */
		A00551E81938497B009FF21A /* PBXContainerItemProxy */ = {
			isa = PBXContainerItemProxy;
			containerPortal = A00551BA1938497A009FF21A /* Project object */;
			proxyType = 1;
			remoteGlobalIDString = A00551C11938497A009FF21A;
			remoteInfo = SWFrameButtonExample;
		};
/* End PBXContainerItemProxy section */

/* Begin PBXFileReference section */
		A00551C21938497A009FF21A /* SWFrameButtonExample.app */ = {isa = PBXFileReference; explicitFileType = wrapper.application; includeInIndex = 0; path = SWFrameButtonExample.app; sourceTree = BUILT_PRODUCTS_DIR; };
		A00551C51938497A009FF21A /* Foundation.framework */ = {isa = PBXFileReference; lastKnownFileType = wrapper.framework; name = Foundation.framework; path = System/Library/Frameworks/Foundation.framework; sourceTree = SDKROOT; };
		A00551C71938497A009FF21A /* CoreGraphics.framework */ = {isa = PBXFileReference; lastKnownFileType = wrapper.framework; name = CoreGraphics.framework; path = System/Library/Frameworks/CoreGraphics.framework; sourceTree = SDKROOT; };
		A00551C91938497A009FF21A /* UIKit.framework */ = {isa = PBXFileReference; lastKnownFileType = wrapper.framework; name = UIKit.framework; path = System/Library/Frameworks/UIKit.framework; sourceTree = SDKROOT; };
		A00551CD1938497A009FF21A /* SWFrameButtonExample-Info.plist */ = {isa = PBXFileReference; lastKnownFileType = text.plist.xml; path = "SWFrameButtonExample-Info.plist"; sourceTree = "<group>"; };
		A00551CF1938497A009FF21A /* en */ = {isa = PBXFileReference; lastKnownFileType = text.plist.strings; name = en; path = en.lproj/InfoPlist.strings; sourceTree = "<group>"; };
		A00551D11938497A009FF21A /* main.m */ = {isa = PBXFileReference; lastKnownFileType = sourcecode.c.objc; path = main.m; sourceTree = "<group>"; };
		A00551D31938497A009FF21A /* SWFrameButtonExample-Prefix.pch */ = {isa = PBXFileReference; lastKnownFileType = sourcecode.c.h; path = "SWFrameButtonExample-Prefix.pch"; sourceTree = "<group>"; };
		A00551D41938497A009FF21A /* SWAppDelegate.h */ = {isa = PBXFileReference; lastKnownFileType = sourcecode.c.h; path = SWAppDelegate.h; sourceTree = "<group>"; };
		A00551D51938497A009FF21A /* SWAppDelegate.m */ = {isa = PBXFileReference; lastKnownFileType = sourcecode.c.objc; path = SWAppDelegate.m; sourceTree = "<group>"; };
		A00551D81938497A009FF21A /* Base */ = {isa = PBXFileReference; lastKnownFileType = file.storyboard; name = Base; path = Base.lproj/Main.storyboard; sourceTree = "<group>"; };
		A00551DA1938497A009FF21A /* SWViewController.h */ = {isa = PBXFileReference; lastKnownFileType = sourcecode.c.h; path = SWViewController.h; sourceTree = "<group>"; };
		A00551DB1938497A009FF21A /* SWViewController.m */ = {isa = PBXFileReference; lastKnownFileType = sourcecode.c.objc; path = SWViewController.m; sourceTree = "<group>"; };
		A00551DD1938497A009FF21A /* Images.xcassets */ = {isa = PBXFileReference; lastKnownFileType = folder.assetcatalog; path = Images.xcassets; sourceTree = "<group>"; };
		A00551E31938497B009FF21A /* SWFrameButtonExampleTests.xctest */ = {isa = PBXFileReference; explicitFileType = wrapper.cfbundle; includeInIndex = 0; path = SWFrameButtonExampleTests.xctest; sourceTree = BUILT_PRODUCTS_DIR; };
		A00551E41938497B009FF21A /* XCTest.framework */ = {isa = PBXFileReference; lastKnownFileType = wrapper.framework; name = XCTest.framework; path = Library/Frameworks/XCTest.framework; sourceTree = DEVELOPER_DIR; };
		A00551EC1938497B009FF21A /* SWFrameButtonExampleTests-Info.plist */ = {isa = PBXFileReference; lastKnownFileType = text.plist.xml; path = "SWFrameButtonExampleTests-Info.plist"; sourceTree = "<group>"; };
		A00551EE1938497B009FF21A /* en */ = {isa = PBXFileReference; lastKnownFileType = text.plist.strings; name = en; path = en.lproj/InfoPlist.strings; sourceTree = "<group>"; };
		A00551F01938497B009FF21A /* SWFrameButtonExampleTests.m */ = {isa = PBXFileReference; lastKnownFileType = sourcecode.c.objc; path = SWFrameButtonExampleTests.m; sourceTree = "<group>"; };
		A00551FF19384AAD009FF21A /* SWFrameButton.h */ = {isa = PBXFileReference; fileEncoding = 4; lastKnownFileType = sourcecode.c.h; path = SWFrameButton.h; sourceTree = "<group>"; };
		A005520019384AAD009FF21A /* SWFrameButton.m */ = {isa = PBXFileReference; fileEncoding = 4; lastKnownFileType = sourcecode.c.objc; path = SWFrameButton.m; sourceTree = "<group>"; };
		A00DF5751C9B3182006F51A2 /* LaunchScreen.storyboard */ = {isa = PBXFileReference; fileEncoding = 4; lastKnownFileType = file.storyboard; path = LaunchScreen.storyboard; sourceTree = "<group>"; };
		A0A5381F1AEEAB7900DF3DE8 /* SWFrameButton.podspec */ = {isa = PBXFileReference; fileEncoding = 4; lastKnownFileType = text; name = SWFrameButton.podspec; path = ../../SWFrameButton.podspec; sourceTree = "<group>"; };
		A0CAF4511AEF391A002FD35D /* SWSecondViewController.h */ = {isa = PBXFileReference; fileEncoding = 4; lastKnownFileType = sourcecode.c.h; path = SWSecondViewController.h; sourceTree = "<group>"; };
		A0CAF4521AEF391A002FD35D /* SWSecondViewController.m */ = {isa = PBXFileReference; fileEncoding = 4; lastKnownFileType = sourcecode.c.objc; path = SWSecondViewController.m; sourceTree = "<group>"; };
		A0E9F8901AEE8DD4007223D2 /* MyPlayground.playground */ = {isa = PBXFileReference; lastKnownFileType = file.playground; name = MyPlayground.playground; path = ../MyPlayground.playground; sourceTree = "<group>"; };
/* End PBXFileReference section */

/* Begin PBXFrameworksBuildPhase section */
		A00551BF1938497A009FF21A /* Frameworks */ = {
			isa = PBXFrameworksBuildPhase;
			buildActionMask = 2147483647;
			files = (
				A00551C81938497A009FF21A /* CoreGraphics.framework in Frameworks */,
				A00551CA1938497A009FF21A /* UIKit.framework in Frameworks */,
				A00551C61938497A009FF21A /* Foundation.framework in Frameworks */,
			);
			runOnlyForDeploymentPostprocessing = 0;
		};
		A00551E01938497B009FF21A /* Frameworks */ = {
			isa = PBXFrameworksBuildPhase;
			buildActionMask = 2147483647;
			files = (
				A00551E51938497B009FF21A /* XCTest.framework in Frameworks */,
				A00551E71938497B009FF21A /* UIKit.framework in Frameworks */,
				A00551E61938497B009FF21A /* Foundation.framework in Frameworks */,
			);
			runOnlyForDeploymentPostprocessing = 0;
		};
/* End PBXFrameworksBuildPhase section */

/* Begin PBXGroup section */
		A00551B91938497A009FF21A = {
			isa = PBXGroup;
			children = (
				A0E9F8901AEE8DD4007223D2 /* MyPlayground.playground */,
				A00551CB1938497A009FF21A /* SWFrameButtonExample */,
				A00551EA1938497B009FF21A /* SWFrameButtonExampleTests */,
				A00551C41938497A009FF21A /* Frameworks */,
				A00551C31938497A009FF21A /* Products */,
			);
			sourceTree = "<group>";
		};
		A00551C31938497A009FF21A /* Products */ = {
			isa = PBXGroup;
			children = (
				A00551C21938497A009FF21A /* SWFrameButtonExample.app */,
				A00551E31938497B009FF21A /* SWFrameButtonExampleTests.xctest */,
			);
			name = Products;
			sourceTree = "<group>";
		};
		A00551C41938497A009FF21A /* Frameworks */ = {
			isa = PBXGroup;
			children = (
				A00551C51938497A009FF21A /* Foundation.framework */,
				A00551C71938497A009FF21A /* CoreGraphics.framework */,
				A00551C91938497A009FF21A /* UIKit.framework */,
				A00551E41938497B009FF21A /* XCTest.framework */,
			);
			name = Frameworks;
			sourceTree = "<group>";
		};
		A00551CB1938497A009FF21A /* SWFrameButtonExample */ = {
			isa = PBXGroup;
			children = (
				A0A5381F1AEEAB7900DF3DE8 /* SWFrameButton.podspec */,
				A00551FE19384AA5009FF21A /* SWFrameButton */,
				A00551D41938497A009FF21A /* SWAppDelegate.h */,
				A00551D51938497A009FF21A /* SWAppDelegate.m */,
				A00551D71938497A009FF21A /* Main.storyboard */,
				A00551DA1938497A009FF21A /* SWViewController.h */,
				A00551DB1938497A009FF21A /* SWViewController.m */,
				A0CAF4511AEF391A002FD35D /* SWSecondViewController.h */,
				A0CAF4521AEF391A002FD35D /* SWSecondViewController.m */,
				A00DF5751C9B3182006F51A2 /* LaunchScreen.storyboard */,
				A00551DD1938497A009FF21A /* Images.xcassets */,
				A00551CC1938497A009FF21A /* Supporting Files */,
			);
			path = SWFrameButtonExample;
			sourceTree = "<group>";
		};
		A00551CC1938497A009FF21A /* Supporting Files */ = {
			isa = PBXGroup;
			children = (
				A00551CD1938497A009FF21A /* SWFrameButtonExample-Info.plist */,
				A00551CE1938497A009FF21A /* InfoPlist.strings */,
				A00551D11938497A009FF21A /* main.m */,
				A00551D31938497A009FF21A /* SWFrameButtonExample-Prefix.pch */,
			);
			name = "Supporting Files";
			sourceTree = "<group>";
		};
		A00551EA1938497B009FF21A /* SWFrameButtonExampleTests */ = {
			isa = PBXGroup;
			children = (
				A00551F01938497B009FF21A /* SWFrameButtonExampleTests.m */,
				A00551EB1938497B009FF21A /* Supporting Files */,
			);
			path = SWFrameButtonExampleTests;
			sourceTree = "<group>";
		};
		A00551EB1938497B009FF21A /* Supporting Files */ = {
			isa = PBXGroup;
			children = (
				A00551EC1938497B009FF21A /* SWFrameButtonExampleTests-Info.plist */,
				A00551ED1938497B009FF21A /* InfoPlist.strings */,
			);
			name = "Supporting Files";
			sourceTree = "<group>";
		};
		A00551FE19384AA5009FF21A /* SWFrameButton */ = {
			isa = PBXGroup;
			children = (
				A00551FF19384AAD009FF21A /* SWFrameButton.h */,
				A005520019384AAD009FF21A /* SWFrameButton.m */,
			);
			name = SWFrameButton;
			path = ../../SWFrameButton;
			sourceTree = "<group>";
		};
/* End PBXGroup section */

/* Begin PBXNativeTarget section */
		A00551C11938497A009FF21A /* SWFrameButtonExample */ = {
			isa = PBXNativeTarget;
			buildConfigurationList = A00551F41938497B009FF21A /* Build configuration list for PBXNativeTarget "SWFrameButtonExample" */;
			buildPhases = (
				A00551BE1938497A009FF21A /* Sources */,
				A00551BF1938497A009FF21A /* Frameworks */,
				A00551C01938497A009FF21A /* Resources */,
			);
			buildRules = (
			);
			dependencies = (
			);
			name = SWFrameButtonExample;
			productName = SWFrameButtonExample;
			productReference = A00551C21938497A009FF21A /* SWFrameButtonExample.app */;
			productType = "com.apple.product-type.application";
		};
		A00551E21938497B009FF21A /* SWFrameButtonExampleTests */ = {
			isa = PBXNativeTarget;
			buildConfigurationList = A00551F71938497B009FF21A /* Build configuration list for PBXNativeTarget "SWFrameButtonExampleTests" */;
			buildPhases = (
				A00551DF1938497B009FF21A /* Sources */,
				A00551E01938497B009FF21A /* Frameworks */,
				A00551E11938497B009FF21A /* Resources */,
			);
			buildRules = (
			);
			dependencies = (
				A00551E91938497B009FF21A /* PBXTargetDependency */,
			);
			name = SWFrameButtonExampleTests;
			productName = SWFrameButtonExampleTests;
			productReference = A00551E31938497B009FF21A /* SWFrameButtonExampleTests.xctest */;
			productType = "com.apple.product-type.bundle.unit-test";
		};
/* End PBXNativeTarget section */

/* Begin PBXProject section */
		A00551BA1938497A009FF21A /* Project object */ = {
			isa = PBXProject;
			attributes = {
				CLASSPREFIX = SW;
				LastUpgradeCheck = 0720;
				ORGANIZATIONNAME = "Sarun Wongpatcharapakorn";
				TargetAttributes = {
					A00551E21938497B009FF21A = {
						TestTargetID = A00551C11938497A009FF21A;
					};
				};
			};
			buildConfigurationList = A00551BD1938497A009FF21A /* Build configuration list for PBXProject "SWFrameButtonExample" */;
			compatibilityVersion = "Xcode 3.2";
			developmentRegion = English;
			hasScannedForEncodings = 0;
			knownRegions = (
				en,
				Base,
			);
			mainGroup = A00551B91938497A009FF21A;
			productRefGroup = A00551C31938497A009FF21A /* Products */;
			projectDirPath = "";
			projectRoot = "";
			targets = (
				A00551C11938497A009FF21A /* SWFrameButtonExample */,
				A00551E21938497B009FF21A /* SWFrameButtonExampleTests */,
			);
		};
/* End PBXProject section */

/* Begin PBXResourcesBuildPhase section */
		A00551C01938497A009FF21A /* Resources */ = {
			isa = PBXResourcesBuildPhase;
			buildActionMask = 2147483647;
			files = (
				A00551DE1938497A009FF21A /* Images.xcassets in Resources */,
				A00551D01938497A009FF21A /* InfoPlist.strings in Resources */,
				A0A538201AEEAB7900DF3DE8 /* SWFrameButton.podspec in Resources */,
				A00DF5761C9B3182006F51A2 /* LaunchScreen.storyboard in Resources */,
				A00551D91938497A009FF21A /* Main.storyboard in Resources */,
			);
			runOnlyForDeploymentPostprocessing = 0;
		};
		A00551E11938497B009FF21A /* Resources */ = {
			isa = PBXResourcesBuildPhase;
			buildActionMask = 2147483647;
			files = (
				A00551EF1938497B009FF21A /* InfoPlist.strings in Resources */,
			);
			runOnlyForDeploymentPostprocessing = 0;
		};
/* End PBXResourcesBuildPhase section */

/* Begin PBXSourcesBuildPhase section */
		A00551BE1938497A009FF21A /* Sources */ = {
			isa = PBXSourcesBuildPhase;
			buildActionMask = 2147483647;
			files = (
				A0CAF4531AEF391A002FD35D /* SWSecondViewController.m in Sources */,
				A00551DC1938497A009FF21A /* SWViewController.m in Sources */,
				A00551D61938497A009FF21A /* SWAppDelegate.m in Sources */,
				A00551D21938497A009FF21A /* main.m in Sources */,
				A005520119384AAD009FF21A /* SWFrameButton.m in Sources */,
			);
			runOnlyForDeploymentPostprocessing = 0;
		};
		A00551DF1938497B009FF21A /* Sources */ = {
			isa = PBXSourcesBuildPhase;
			buildActionMask = 2147483647;
			files = (
				A00551F11938497B009FF21A /* SWFrameButtonExampleTests.m in Sources */,
			);
			runOnlyForDeploymentPostprocessing = 0;
		};
/* End PBXSourcesBuildPhase section */

/* Begin PBXTargetDependency section */
		A00551E91938497B009FF21A /* PBXTargetDependency */ = {
			isa = PBXTargetDependency;
			target = A00551C11938497A009FF21A /* SWFrameButtonExample */;
			targetProxy = A00551E81938497B009FF21A /* PBXContainerItemProxy */;
		};
/* End PBXTargetDependency section */

/* Begin PBXVariantGroup section */
		A00551CE1938497A009FF21A /* InfoPlist.strings */ = {
			isa = PBXVariantGroup;
			children = (
				A00551CF1938497A009FF21A /* en */,
			);
			name = InfoPlist.strings;
			sourceTree = "<group>";
		};
		A00551D71938497A009FF21A /* Main.storyboard */ = {
			isa = PBXVariantGroup;
			children = (
				A00551D81938497A009FF21A /* Base */,
			);
			name = Main.storyboard;
			sourceTree = "<group>";
		};
		A00551ED1938497B009FF21A /* InfoPlist.strings */ = {
			isa = PBXVariantGroup;
			children = (
				A00551EE1938497B009FF21A /* en */,
			);
			name = InfoPlist.strings;
			sourceTree = "<group>";
		};
/* End PBXVariantGroup section */

/* Begin XCBuildConfiguration section */
		A00551F21938497B009FF21A /* Debug */ = {
			isa = XCBuildConfiguration;
			buildSettings = {
				ALWAYS_SEARCH_USER_PATHS = NO;
				CLANG_CXX_LANGUAGE_STANDARD = "gnu++0x";
				CLANG_CXX_LIBRARY = "libc++";
				CLANG_ENABLE_MODULES = YES;
				CLANG_ENABLE_OBJC_ARC = YES;
				CLANG_WARN_BOOL_CONVERSION = YES;
				CLANG_WARN_CONSTANT_CONVERSION = YES;
				CLANG_WARN_DIRECT_OBJC_ISA_USAGE = YES_ERROR;
				CLANG_WARN_EMPTY_BODY = YES;
				CLANG_WARN_ENUM_CONVERSION = YES;
				CLANG_WARN_INT_CONVERSION = YES;
				CLANG_WARN_OBJC_ROOT_CLASS = YES_ERROR;
				CLANG_WARN__DUPLICATE_METHOD_MATCH = YES;
				"CODE_SIGN_IDENTITY[sdk=iphoneos*]" = "iPhone Developer";
				COPY_PHASE_STRIP = NO;
				ENABLE_TESTABILITY = YES;
				GCC_C_LANGUAGE_STANDARD = gnu99;
				GCC_DYNAMIC_NO_PIC = NO;
				GCC_OPTIMIZATION_LEVEL = 0;
				GCC_PREPROCESSOR_DEFINITIONS = (
					"DEBUG=1",
					"$(inherited)",
				);
				GCC_SYMBOLS_PRIVATE_EXTERN = NO;
				GCC_WARN_64_TO_32_BIT_CONVERSION = YES;
				GCC_WARN_ABOUT_RETURN_TYPE = YES_ERROR;
				GCC_WARN_UNDECLARED_SELECTOR = YES;
				GCC_WARN_UNINITIALIZED_AUTOS = YES_AGGRESSIVE;
				GCC_WARN_UNUSED_FUNCTION = YES;
				GCC_WARN_UNUSED_VARIABLE = YES;
				IPHONEOS_DEPLOYMENT_TARGET = 7.1;
				ONLY_ACTIVE_ARCH = YES;
				SDKROOT = iphoneos;
			};
			name = Debug;
		};
		A00551F31938497B009FF21A /* Release */ = {
			isa = XCBuildConfiguration;
			buildSettings = {
				ALWAYS_SEARCH_USER_PATHS = NO;
				CLANG_CXX_LANGUAGE_STANDARD = "gnu++0x";
				CLANG_CXX_LIBRARY = "libc++";
				CLANG_ENABLE_MODULES = YES;
				CLANG_ENABLE_OBJC_ARC = YES;
				CLANG_WARN_BOOL_CONVERSION = YES;
				CLANG_WARN_CONSTANT_CONVERSION = YES;
				CLANG_WARN_DIRECT_OBJC_ISA_USAGE = YES_ERROR;
				CLANG_WARN_EMPTY_BODY = YES;
				CLANG_WARN_ENUM_CONVERSION = YES;
				CLANG_WARN_INT_CONVERSION = YES;
				CLANG_WARN_OBJC_ROOT_CLASS = YES_ERROR;
				CLANG_WARN__DUPLICATE_METHOD_MATCH = YES;
				"CODE_SIGN_IDENTITY[sdk=iphoneos*]" = "iPhone Developer";
				COPY_PHASE_STRIP = YES;
				ENABLE_NS_ASSERTIONS = NO;
				GCC_C_LANGUAGE_STANDARD = gnu99;
				GCC_WARN_64_TO_32_BIT_CONVERSION = YES;
				GCC_WARN_ABOUT_RETURN_TYPE = YES_ERROR;
				GCC_WARN_UNDECLARED_SELECTOR = YES;
				GCC_WARN_UNINITIALIZED_AUTOS = YES_AGGRESSIVE;
				GCC_WARN_UNUSED_FUNCTION = YES;
				GCC_WARN_UNUSED_VARIABLE = YES;
				IPHONEOS_DEPLOYMENT_TARGET = 7.1;
				SDKROOT = iphoneos;
				VALIDATE_PRODUCT = YES;
			};
			name = Release;
		};
		A00551F51938497B009FF21A /* Debug */ = {
			isa = XCBuildConfiguration;
			buildSettings = {
				ASSETCATALOG_COMPILER_APPICON_NAME = AppIcon;
				GCC_PRECOMPILE_PREFIX_HEADER = YES;
				GCC_PREFIX_HEADER = "SWFrameButtonExample/SWFrameButtonExample-Prefix.pch";
				INFOPLIST_FILE = "SWFrameButtonExample/SWFrameButtonExample-Info.plist";
				IPHONEOS_DEPLOYMENT_TARGET = 8.0;
				PRODUCT_BUNDLE_IDENTIFIER = "com.sarunw.${PRODUCT_NAME:rfc1034identifier}";
				PRODUCT_NAME = "$(TARGET_NAME)";
				WRAPPER_EXTENSION = app;
			};
			name = Debug;
		};
		A00551F61938497B009FF21A /* Release */ = {
			isa = XCBuildConfiguration;
			buildSettings = {
				ASSETCATALOG_COMPILER_APPICON_NAME = AppIcon;
				GCC_PRECOMPILE_PREFIX_HEADER = YES;
				GCC_PREFIX_HEADER = "SWFrameButtonExample/SWFrameButtonExample-Prefix.pch";
				INFOPLIST_FILE = "SWFrameButtonExample/SWFrameButtonExample-Info.plist";
				IPHONEOS_DEPLOYMENT_TARGET = 8.0;
				PRODUCT_BUNDLE_IDENTIFIER = "com.sarunw.${PRODUCT_NAME:rfc1034identifier}";
				PRODUCT_NAME = "$(TARGET_NAME)";
				WRAPPER_EXTENSION = app;
			};
			name = Release;
		};
		A00551F81938497B009FF21A /* Debug */ = {
			isa = XCBuildConfiguration;
			buildSettings = {
				BUNDLE_LOADER = "$(BUILT_PRODUCTS_DIR)/SWFrameButtonExample.app/SWFrameButtonExample";
				FRAMEWORK_SEARCH_PATHS = (
					"$(SDKROOT)/Developer/Library/Frameworks",
					"$(inherited)",
					"$(DEVELOPER_FRAMEWORKS_DIR)",
				);
				GCC_PRECOMPILE_PREFIX_HEADER = YES;
				GCC_PREFIX_HEADER = "SWFrameButtonExample/SWFrameButtonExample-Prefix.pch";
				GCC_PREPROCESSOR_DEFINITIONS = (
					"DEBUG=1",
					"$(inherited)",
				);
				INFOPLIST_FILE = "SWFrameButtonExampleTests/SWFrameButtonExampleTests-Info.plist";
				PRODUCT_BUNDLE_IDENTIFIER = "com.sarunw.${PRODUCT_NAME:rfc1034identifier}";
				PRODUCT_NAME = "$(TARGET_NAME)";
				TEST_HOST = "$(BUNDLE_LOADER)";
				WRAPPER_EXTENSION = xctest;
			};
			name = Debug;
		};
		A00551F91938497B009FF21A /* Release */ = {
			isa = XCBuildConfiguration;
			buildSettings = {
				BUNDLE_LOADER = "$(BUILT_PRODUCTS_DIR)/SWFrameButtonExample.app/SWFrameButtonExample";
				FRAMEWORK_SEARCH_PATHS = (
					"$(SDKROOT)/Developer/Library/Frameworks",
					"$(inherited)",
					"$(DEVELOPER_FRAMEWORKS_DIR)",
				);
				GCC_PRECOMPILE_PREFIX_HEADER = YES;
				GCC_PREFIX_HEADER = "SWFrameButtonExample/SWFrameButtonExample-Prefix.pch";
				INFOPLIST_FILE = "SWFrameButtonExampleTests/SWFrameButtonExampleTests-Info.plist";
				PRODUCT_BUNDLE_IDENTIFIER = "com.sarunw.${PRODUCT_NAME:rfc1034identifier}";
				PRODUCT_NAME = "$(TARGET_NAME)";
				TEST_HOST = "$(BUNDLE_LOADER)";
				WRAPPER_EXTENSION = xctest;
			};
			name = Release;
		};
/* End XCBuildConfiguration section */

/* Begin XCConfigurationList section */
		A00551BD1938497A009FF21A /* Build configuration list for PBXProject "SWFrameButtonExample" */ = {
			isa = XCConfigurationList;
			buildConfigurations = (
				A00551F21938497B009FF21A /* Debug */,
				A00551F31938497B009FF21A /* Release */,
			);
			defaultConfigurationIsVisible = 0;
			defaultConfigurationName = Release;
		};
		A00551F41938497B009FF21A /* Build configuration list for PBXNativeTarget "SWFrameButtonExample" */ = {
			isa = XCConfigurationList;
			buildConfigurations = (
				A00551F51938497B009FF21A /* Debug */,
				A00551F61938497B009FF21A /* Release */,
			);
			defaultConfigurationIsVisible = 0;
			defaultConfigurationName = Release;
		};
		A00551F71938497B009FF21A /* Build configuration list for PBXNativeTarget "SWFrameButtonExampleTests" */ = {
			isa = XCConfigurationList;
			buildConfigurations = (
				A00551F81938497B009FF21A /* Debug */,
				A00551F91938497B009FF21A /* Release */,
			);
			defaultConfigurationIsVisible = 0;
			defaultConfigurationName = Release;
		};
/* End XCConfigurationList section */
	};
	rootObject = A00551BA1938497A009FF21A /* Project object */;
}
